
Microsoft Visual Studio Solution File, Format Version 11.00
# Visual Studio 2010
Project("{FAE04EC0-301F-11D3-BF4B-00C04F79EFBC}") = "Eagle", "Eagle\Eagle.csproj", "{F5DB39A5-1CFB-4830-941C-82C3812EB6B9}"
EndProject
Global
	GlobalSection(SolutionConfigurationPlatforms) = preSolution
		Debug|Any CPU = Debug|Any CPU
		Release|Any CPU = Release|Any CPU
	EndGlobalSection
	GlobalSection(ProjectConfigurationPlatforms) = postSolution
		{F5DB39A5-1CFB-4830-941C-82C3812EB6B9}.Debug|Any CPU.ActiveCfg = Debug|Any CPU
		{F5DB39A5-1CFB-4830-941C-82C3812EB6B9}.Debug|Any CPU.Build.0 = Debug|Any CPU
		{F5DB39A5-1CFB-4830-941C-82C3812EB6B9}.Release|Any CPU.ActiveCfg = Release|Any CPU
		{F5DB39A5-1CFB-4830-941C-82C3812EB6B9}.Release|Any CPU.Build.0 = Release|Any CPU
	EndGlobalSection
	GlobalSection(SolutionProperties) = preSolution
		HideSolutionNode = FALSE
	EndGlobalSection
EndGlobal
